<?xml version="1.0" encoding="utf-8"?>
<Project ToolsVersion="4.0" xmlns="http://schemas.microsoft.com/developer/msbuild/2003">
  <ItemGroup>
    <ClCompile Include="p2Log.cpp" />
    <ClCompile Include="PugiXml\src\pugixml.cpp" />
    <ClCompile Include="j1App.cpp">
      <Filter>Modules</Filter>
    </ClCompile>
    <ClCompile Include="j1Audio.cpp">
      <Filter>Modules</Filter>
    </ClCompile>
    <ClCompile Include="j1Collision.cpp">
      <Filter>Modules</Filter>
    </ClCompile>
    <ClCompile Include="j1Input.cpp">
      <Filter>Modules</Filter>
    </ClCompile>
    <ClCompile Include="j1Main.cpp">
      <Filter>Modules</Filter>
    </ClCompile>
    <ClCompile Include="j1Map.cpp">
      <Filter>Modules</Filter>
    </ClCompile>
    <ClCompile Include="j1Render.cpp">
      <Filter>Modules</Filter>
    </ClCompile>
    <ClCompile Include="j1Textures.cpp">
      <Filter>Modules</Filter>
    </ClCompile>
    <ClCompile Include="j1Window.cpp">
      <Filter>Modules</Filter>
    </ClCompile>
    <ClCompile Include="j1Player.cpp">
      <Filter>Characters</Filter>
    </ClCompile>
    <ClCompile Include="j1Wot.cpp">
      <Filter>Characters</Filter>
    </ClCompile>
    <ClCompile Include="j1Scene.cpp">
      <Filter>Scenes</Filter>
    </ClCompile>
  </ItemGroup>
  <ItemGroup>
    <ClInclude Include="p2DynArray.h" />
    <ClInclude Include="p2Log.h" />
    <ClInclude Include="p2Defs.h" />
    <ClInclude Include="p2List.h" />
    <ClInclude Include="p2Point.h" />
    <ClInclude Include="p2SString.h" />
    <ClInclude Include="PugiXml\src\pugiconfig.hpp" />
    <ClInclude Include="PugiXml\src\pugixml.hpp" />
    <ClInclude Include="j1Animation.h">
      <Filter>Modules</Filter>
    </ClInclude>
    <ClInclude Include="j1App.h">
      <Filter>Modules</Filter>
    </ClInclude>
    <ClInclude Include="j1Audio.h">
      <Filter>Modules</Filter>
    </ClInclude>
    <ClInclude Include="j1Character.h">
      <Filter>Modules</Filter>
    </ClInclude>
    <ClInclude Include="j1Collision.h">
      <Filter>Modules</Filter>
    </ClInclude>
    <ClInclude Include="j1Input.h">
      <Filter>Modules</Filter>
    </ClInclude>
    <ClInclude Include="j1Map.h">
      <Filter>Modules</Filter>
    </ClInclude>
    <ClInclude Include="j1Module.h">
      <Filter>Modules</Filter>
    </ClInclude>
    <ClInclude Include="j1RectSprites.h">
      <Filter>Modules</Filter>
    </ClInclude>
    <ClInclude Include="j1Render.h">
      <Filter>Modules</Filter>
    </ClInclude>
    <ClInclude Include="j1Textures.h">
      <Filter>Modules</Filter>
    </ClInclude>
    <ClInclude Include="j1Window.h">
      <Filter>Modules</Filter>
    </ClInclude>
    <ClInclude Include="j1Player.h">
      <Filter>Characters</Filter>
    </ClInclude>
    <ClInclude Include="j1Wot.h">
      <Filter>Characters</Filter>
    </ClInclude>
    <ClInclude Include="j1Scene.h">
      <Filter>Scenes</Filter>
    </ClInclude>
  </ItemGroup>
  <ItemGroup>
    <Filter Include="Modules">
      <UniqueIdentifier>{b298a8b0-830c-4fca-9cdd-924b72979e89}</UniqueIdentifier>
    </Filter>
    <Filter Include="Files">
      <UniqueIdentifier>{85559e9b-de74-49fc-a691-98916eb33003}</UniqueIdentifier>
    </Filter>
    <Filter Include="Characters">
      <UniqueIdentifier>{dc32c766-6b50-4a33-8619-c4bd53ac957a}</UniqueIdentifier>
    </Filter>
    <Filter Include="Scenes">
      <UniqueIdentifier>{7c56e46a-c471-43f4-ad52-bd5e1e81b836}</UniqueIdentifier>
    </Filter>
  </ItemGroup>
  <ItemGroup>
    <Xml Include="..\Game\config.xml">
      <Filter>Files</Filter>
    </Xml>
    <Xml Include="..\Game\save_game.xml">
      <Filter>Files</Filter>
    </Xml>
  </ItemGroup>
  <ItemGroup>
    <None Include="..\Game\maps\map.tmx">
      <Filter>Files</Filter>
    </None>
    <None Include="..\Game\maps\map2.tmx">
      <Filter>Files</Filter>
    </None>
  </ItemGroup>
</Project>