<?xml version="1.0" encoding="utf-8"?>
<Project ToolsVersion="4.0" xmlns="http://schemas.microsoft.com/developer/msbuild/2003">
  <ItemGroup>
    <ClCompile Include="j1Collision.cpp" />
    <ClCompile Include="j1Main.cpp" />
    <ClCompile Include="j1App.cpp" />
    <ClCompile Include="j1Audio.cpp" />
    <ClCompile Include="j1Input.cpp" />
    <ClCompile Include="j1Map.cpp" />
    <ClCompile Include="j1Player.cpp" />
    <ClCompile Include="j1Scene.cpp" />
    <ClCompile Include="j1Wot.cpp" />
    <ClCompile Include="p2Log.cpp" />
    <ClCompile Include="j1Render.cpp" />
    <ClCompile Include="j1Textures.cpp" />
    <ClCompile Include="j1Window.cpp" />
    <ClCompile Include="PugiXml\src\pugixml.cpp" />
  </ItemGroup>
  <ItemGroup>
    <ClInclude Include="j1Animation.h" />
    <ClInclude Include="j1Character.h" />
    <ClInclude Include="j1Collision.h" />
    <ClInclude Include="j1Map.h" />
    <ClInclude Include="j1Player.h" />
    <ClInclude Include="j1RectSprites.h" />
    <ClInclude Include="j1Scene.h" />
    <ClInclude Include="j1Wot.h" />
    <ClInclude Include="p2DynArray.h" />
    <ClInclude Include="j1Audio.h" />
    <ClInclude Include="j1Input.h" />
    <ClInclude Include="p2Log.h" />
    <ClInclude Include="j1App.h" />
    <ClInclude Include="p2Defs.h" />
    <ClInclude Include="p2List.h" />
    <ClInclude Include="j1Module.h" />
    <ClInclude Include="p2Point.h" />
    <ClInclude Include="j1Render.h" />
    <ClInclude Include="j1Textures.h" />
    <ClInclude Include="j1Window.h" />
    <ClInclude Include="p2SString.h" />
    <ClInclude Include="PugiXml\src\pugiconfig.hpp" />
    <ClInclude Include="PugiXml\src\pugixml.hpp" />
  </ItemGroup>
</Project>